
Microsoft Visual Studio Solution File, Format Version 12.00
# Visual Studio 15
VisualStudioVersion = 15.0.26430.14
MinimumVisualStudioVersion = 10.0.40219.1
Project("{FAE04EC0-301F-11D3-BF4B-00C04F79EFBC}") = "QRCode.Android", "QRCode\QRCode.Android\QRCode.Android.csproj", "{4874AFA9-184C-4C58-820E-D185AF42F80B}"
EndProject
Project("{FAE04EC0-301F-11D3-BF4B-00C04F79EFBC}") = "QRCode", "QRCode\QRCode\QRCode.csproj", "{7413D4E3-AC89-436B-982F-8BFAD244CF36}"
EndProject
Project("{FAE04EC0-301F-11D3-BF4B-00C04F79EFBC}") = "QRCode.UWP", "QRCode\QRCode.UWP\QRCode.UWP.csproj", "{1897553F-3D31-4909-AB6A-FE46DF0DAB9B}"
EndProject
Project("{FAE04EC0-301F-11D3-BF4B-00C04F79EFBC}") = "QRCode.iOS", "QRCode\QRCode.iOS\QRCode.iOS.csproj", "{D79865A9-6818-4870-9E43-5C9C036974F0}"
EndProject
Global
	GlobalSection(SolutionConfigurationPlatforms) = preSolution
		Ad-Hoc|Any CPU = Ad-Hoc|Any CPU
		Ad-Hoc|ARM = Ad-Hoc|ARM
		Ad-Hoc|iPhone = Ad-Hoc|iPhone
		Ad-Hoc|iPhoneSimulator = Ad-Hoc|iPhoneSimulator
		Ad-Hoc|x64 = Ad-Hoc|x64
		Ad-Hoc|x86 = Ad-Hoc|x86
		AppStore|Any CPU = AppStore|Any CPU
		AppStore|ARM = AppStore|ARM
		AppStore|iPhone = AppStore|iPhone
		AppStore|iPhoneSimulator = AppStore|iPhoneSimulator
		AppStore|x64 = AppStore|x64
		AppStore|x86 = AppStore|x86
		Debug|Any CPU = Debug|Any CPU
		Debug|ARM = Debug|ARM
		Debug|iPhone = Debug|iPhone
		Debug|iPhoneSimulator = Debug|iPhoneSimulator
		Debug|x64 = Debug|x64
		Debug|x86 = Debug|x86
		Release|Any CPU = Release|Any CPU
		Release|ARM = Release|ARM
		Release|iPhone = Release|iPhone
		Release|iPhoneSimulator = Release|iPhoneSimulator
		Release|x64 = Release|x64
		Release|x86 = Release|x86
	EndGlobalSection
	GlobalSection(ProjectConfigurationPlatforms) = postSolution
		{4874AFA9-184C-4C58-820E-D185AF42F80B}.Ad-Hoc|Any CPU.ActiveCfg = Release|Any CPU
		{4874AFA9-184C-4C58-820E-D185AF42F80B}.Ad-Hoc|Any CPU.Build.0 = Release|Any CPU
		{4874AFA9-184C-4C58-820E-D185AF42F80B}.Ad-Hoc|Any CPU.Deploy.0 = Release|Any CPU
		{4874AFA9-184C-4C58-820E-D185AF42F80B}.Ad-Hoc|ARM.ActiveCfg = Release|Any CPU
		{4874AFA9-184C-4C58-820E-D185AF42F80B}.Ad-Hoc|ARM.Build.0 = Release|Any CPU
		{4874AFA9-184C-4C58-820E-D185AF42F80B}.Ad-Hoc|ARM.Deploy.0 = Release|Any CPU
		{4874AFA9-184C-4C58-820E-D185AF42F80B}.Ad-Hoc|iPhone.ActiveCfg = Release|Any CPU
		{4874AFA9-184C-4C58-820E-D185AF42F80B}.Ad-Hoc|iPhone.Build.0 = Release|Any CPU
		{4874AFA9-184C-4C58-820E-D185AF42F80B}.Ad-Hoc|iPhone.Deploy.0 = Release|Any CPU
		{4874AFA9-184C-4C58-820E-D185AF42F80B}.Ad-Hoc|iPhoneSimulator.ActiveCfg = Release|Any CPU
		{4874AFA9-184C-4C58-820E-D185AF42F80B}.Ad-Hoc|iPhoneSimulator.Build.0 = Release|Any CPU
		{4874AFA9-184C-4C58-820E-D185AF42F80B}.Ad-Hoc|iPhoneSimulator.Deploy.0 = Release|Any CPU
		{4874AFA9-184C-4C58-820E-D185AF42F80B}.Ad-Hoc|x64.ActiveCfg = Release|Any CPU
		{4874AFA9-184C-4C58-820E-D185AF42F80B}.Ad-Hoc|x64.Build.0 = Release|Any CPU
		{4874AFA9-184C-4C58-820E-D185AF42F80B}.Ad-Hoc|x64.Deploy.0 = Release|Any CPU
		{4874AFA9-184C-4C58-820E-D185AF42F80B}.Ad-Hoc|x86.ActiveCfg = Release|Any CPU
		{4874AFA9-184C-4C58-820E-D185AF42F80B}.Ad-Hoc|x86.Build.0 = Release|Any CPU
		{4874AFA9-184C-4C58-820E-D185AF42F80B}.Ad-Hoc|x86.Deploy.0 = Release|Any CPU
		{4874AFA9-184C-4C58-820E-D185AF42F80B}.AppStore|Any CPU.ActiveCfg = Release|Any CPU
		{4874AFA9-184C-4C58-820E-D185AF42F80B}.AppStore|Any CPU.Build.0 = Release|Any CPU
		{4874AFA9-184C-4C58-820E-D185AF42F80B}.AppStore|Any CPU.Deploy.0 = Release|Any CPU
		{4874AFA9-184C-4C58-820E-D185AF42F80B}.AppStore|ARM.ActiveCfg = Release|Any CPU
		{4874AFA9-184C-4C58-820E-D185AF42F80B}.AppStore|ARM.Build.0 = Release|Any CPU
		{4874AFA9-184C-4C58-820E-D185AF42F80B}.AppStore|ARM.Deploy.0 = Release|Any CPU
		{4874AFA9-184C-4C58-820E-D185AF42F80B}.AppStore|iPhone.ActiveCfg = Release|Any CPU
		{4874AFA9-184C-4C58-820E-D185AF42F80B}.AppStore|iPhone.Build.0 = Release|Any CPU
		{4874AFA9-184C-4C58-820E-D185AF42F80B}.AppStore|iPhone.Deploy.0 = Release|Any CPU
		{4874AFA9-184C-4C58-820E-D185AF42F80B}.AppStore|iPhoneSimulator.ActiveCfg = Release|Any CPU
		{4874AFA9-184C-4C58-820E-D185AF42F80B}.AppStore|iPhoneSimulator.Build.0 = Release|Any CPU
		{4874AFA9-184C-4C58-820E-D185AF42F80B}.AppStore|iPhoneSimulator.Deploy.0 = Release|Any CPU
		{4874AFA9-184C-4C58-820E-D185AF42F80B}.AppStore|x64.ActiveCfg = Release|Any CPU
		{4874AFA9-184C-4C58-820E-D185AF42F80B}.AppStore|x64.Build.0 = Release|Any CPU
		{4874AFA9-184C-4C58-820E-D185AF42F80B}.AppStore|x64.Deploy.0 = Release|Any CPU
		{4874AFA9-184C-4C58-820E-D185AF42F80B}.AppStore|x86.ActiveCfg = Release|Any CPU
		{4874AFA9-184C-4C58-820E-D185AF42F80B}.AppStore|x86.Build.0 = Release|Any CPU
		{4874AFA9-184C-4C58-820E-D185AF42F80B}.AppStore|x86.Deploy.0 = Release|Any CPU
		{4874AFA9-184C-4C58-820E-D185AF42F80B}.Debug|Any CPU.ActiveCfg = Debug|Any CPU
		{4874AFA9-184C-4C58-820E-D185AF42F80B}.Debug|Any CPU.Build.0 = Debug|Any CPU
		{4874AFA9-184C-4C58-820E-D185AF42F80B}.Debug|Any CPU.Deploy.0 = Debug|Any CPU
		{4874AFA9-184C-4C58-820E-D185AF42F80B}.Debug|ARM.ActiveCfg = Debug|Any CPU
		{4874AFA9-184C-4C58-820E-D185AF42F80B}.Debug|ARM.Build.0 = Debug|Any CPU
		{4874AFA9-184C-4C58-820E-D185AF42F80B}.Debug|ARM.Deploy.0 = Debug|Any CPU
		{4874AFA9-184C-4C58-820E-D185AF42F80B}.Debug|iPhone.ActiveCfg = Debug|Any CPU
		{4874AFA9-184C-4C58-820E-D185AF42F80B}.Debug|iPhone.Build.0 = Debug|Any CPU
		{4874AFA9-184C-4C58-820E-D185AF42F80B}.Debug|iPhone.Deploy.0 = Debug|Any CPU
		{4874AFA9-184C-4C58-820E-D185AF42F80B}.Debug|iPhoneSimulator.ActiveCfg = Debug|Any CPU
		{4874AFA9-184C-4C58-820E-D185AF42F80B}.Debug|iPhoneSimulator.Build.0 = Debug|Any CPU
		{4874AFA9-184C-4C58-820E-D185AF42F80B}.Debug|iPhoneSimulator.Deploy.0 = Debug|Any CPU
		{4874AFA9-184C-4C58-820E-D185AF42F80B}.Debug|x64.ActiveCfg = Debug|Any CPU
		{4874AFA9-184C-4C58-820E-D185AF42F80B}.Debug|x64.Build.0 = Debug|Any CPU
		{4874AFA9-184C-4C58-820E-D185AF42F80B}.Debug|x64.Deploy.0 = Debug|Any CPU
		{4874AFA9-184C-4C58-820E-D185AF42F80B}.Debug|x86.ActiveCfg = Debug|Any CPU
		{4874AFA9-184C-4C58-820E-D185AF42F80B}.Debug|x86.Build.0 = Debug|Any CPU
		{4874AFA9-184C-4C58-820E-D185AF42F80B}.Debug|x86.Deploy.0 = Debug|Any CPU
		{4874AFA9-184C-4C58-820E-D185AF42F80B}.Release|Any CPU.ActiveCfg = Release|Any CPU
		{4874AFA9-184C-4C58-820E-D185AF42F80B}.Release|Any CPU.Build.0 = Release|Any CPU
		{4874AFA9-184C-4C58-820E-D185AF42F80B}.Release|Any CPU.Deploy.0 = Release|Any CPU
		{4874AFA9-184C-4C58-820E-D185AF42F80B}.Release|ARM.ActiveCfg = Release|Any CPU
		{4874AFA9-184C-4C58-820E-D185AF42F80B}.Release|ARM.Build.0 = Release|Any CPU
		{4874AFA9-184C-4C58-820E-D185AF42F80B}.Release|ARM.Deploy.0 = Release|Any CPU
		{4874AFA9-184C-4C58-820E-D185AF42F80B}.Release|iPhone.ActiveCfg = Release|Any CPU
		{4874AFA9-184C-4C58-820E-D185AF42F80B}.Release|iPhone.Build.0 = Release|Any CPU
		{4874AFA9-184C-4C58-820E-D185AF42F80B}.Release|iPhone.Deploy.0 = Release|Any CPU
		{4874AFA9-184C-4C58-820E-D185AF42F80B}.Release|iPhoneSimulator.ActiveCfg = Release|Any CPU
		{4874AFA9-184C-4C58-820E-D185AF42F80B}.Release|iPhoneSimulator.Build.0 = Release|Any CPU
		{4874AFA9-184C-4C58-820E-D185AF42F80B}.Release|iPhoneSimulator.Deploy.0 = Release|Any CPU
		{4874AFA9-184C-4C58-820E-D185AF42F80B}.Release|x64.ActiveCfg = Release|Any CPU
		{4874AFA9-184C-4C58-820E-D185AF42F80B}.Release|x64.Build.0 = Release|Any CPU
		{4874AFA9-184C-4C58-820E-D185AF42F80B}.Release|x64.Deploy.0 = Release|Any CPU
		{4874AFA9-184C-4C58-820E-D185AF42F80B}.Release|x86.ActiveCfg = Release|Any CPU
		{4874AFA9-184C-4C58-820E-D185AF42F80B}.Release|x86.Build.0 = Release|Any CPU
		{4874AFA9-184C-4C58-820E-D185AF42F80B}.Release|x86.Deploy.0 = Release|Any CPU
		{7413D4E3-AC89-436B-982F-8BFAD244CF36}.Ad-Hoc|Any CPU.ActiveCfg = Release|Any CPU
		{7413D4E3-AC89-436B-982F-8BFAD244CF36}.Ad-Hoc|Any CPU.Build.0 = Release|Any CPU
		{7413D4E3-AC89-436B-982F-8BFAD244CF36}.Ad-Hoc|ARM.ActiveCfg = Release|Any CPU
		{7413D4E3-AC89-436B-982F-8BFAD244CF36}.Ad-Hoc|ARM.Build.0 = Release|Any CPU
		{7413D4E3-AC89-436B-982F-8BFAD244CF36}.Ad-Hoc|iPhone.ActiveCfg = Release|Any CPU
		{7413D4E3-AC89-436B-982F-8BFAD244CF36}.Ad-Hoc|iPhone.Build.0 = Release|Any CPU
		{7413D4E3-AC89-436B-982F-8BFAD244CF36}.Ad-Hoc|iPhoneSimulator.ActiveCfg = Release|Any CPU
		{7413D4E3-AC89-436B-982F-8BFAD244CF36}.Ad-Hoc|iPhoneSimulator.Build.0 = Release|Any CPU
		{7413D4E3-AC89-436B-982F-8BFAD244CF36}.Ad-Hoc|x64.ActiveCfg = Release|Any CPU
		{7413D4E3-AC89-436B-982F-8BFAD244CF36}.Ad-Hoc|x64.Build.0 = Release|Any CPU
		{7413D4E3-AC89-436B-982F-8BFAD244CF36}.Ad-Hoc|x86.ActiveCfg = Release|Any CPU
		{7413D4E3-AC89-436B-982F-8BFAD244CF36}.Ad-Hoc|x86.Build.0 = Release|Any CPU
		{7413D4E3-AC89-436B-982F-8BFAD244CF36}.AppStore|Any CPU.ActiveCfg = Release|Any CPU
		{7413D4E3-AC89-436B-982F-8BFAD244CF36}.AppStore|Any CPU.Build.0 = Release|Any CPU
		{7413D4E3-AC89-436B-982F-8BFAD244CF36}.AppStore|ARM.ActiveCfg = Release|Any CPU
		{7413D4E3-AC89-436B-982F-8BFAD244CF36}.AppStore|ARM.Build.0 = Release|Any CPU
		{7413D4E3-AC89-436B-982F-8BFAD244CF36}.AppStore|iPhone.ActiveCfg = Release|Any CPU
		{7413D4E3-AC89-436B-982F-8BFAD244CF36}.AppStore|iPhone.Build.0 = Release|Any CPU
		{7413D4E3-AC89-436B-982F-8BFAD244CF36}.AppStore|iPhoneSimulator.ActiveCfg = Release|Any CPU
		{7413D4E3-AC89-436B-982F-8BFAD244CF36}.AppStore|iPhoneSimulator.Build.0 = Release|Any CPU
		{7413D4E3-AC89-436B-982F-8BFAD244CF36}.AppStore|x64.ActiveCfg = Release|Any CPU
		{7413D4E3-AC89-436B-982F-8BFAD244CF36}.AppStore|x64.Build.0 = Release|Any CPU
		{7413D4E3-AC89-436B-982F-8BFAD244CF36}.AppStore|x86.ActiveCfg = Release|Any CPU
		{7413D4E3-AC89-436B-982F-8BFAD244CF36}.AppStore|x86.Build.0 = Release|Any CPU
		{7413D4E3-AC89-436B-982F-8BFAD244CF36}.Debug|Any CPU.ActiveCfg = Debug|Any CPU
		{7413D4E3-AC89-436B-982F-8BFAD244CF36}.Debug|Any CPU.Build.0 = Debug|Any CPU
		{7413D4E3-AC89-436B-982F-8BFAD244CF36}.Debug|ARM.ActiveCfg = Debug|Any CPU
		{7413D4E3-AC89-436B-982F-8BFAD244CF36}.Debug|ARM.Build.0 = Debug|Any CPU
		{7413D4E3-AC89-436B-982F-8BFAD244CF36}.Debug|iPhone.ActiveCfg = Debug|Any CPU
		{7413D4E3-AC89-436B-982F-8BFAD244CF36}.Debug|iPhone.Build.0 = Debug|Any CPU
		{7413D4E3-AC89-436B-982F-8BFAD244CF36}.Debug|iPhoneSimulator.ActiveCfg = Debug|Any CPU
		{7413D4E3-AC89-436B-982F-8BFAD244CF36}.Debug|iPhoneSimulator.Build.0 = Debug|Any CPU
		{7413D4E3-AC89-436B-982F-8BFAD244CF36}.Debug|x64.ActiveCfg = Debug|Any CPU
		{7413D4E3-AC89-436B-982F-8BFAD244CF36}.Debug|x64.Build.0 = Debug|Any CPU
		{7413D4E3-AC89-436B-982F-8BFAD244CF36}.Debug|x86.ActiveCfg = Debug|Any CPU
		{7413D4E3-AC89-436B-982F-8BFAD244CF36}.Debug|x86.Build.0 = Debug|Any CPU
		{7413D4E3-AC89-436B-982F-8BFAD244CF36}.Release|Any CPU.ActiveCfg = Release|Any CPU
		{7413D4E3-AC89-436B-982F-8BFAD244CF36}.Release|Any CPU.Build.0 = Release|Any CPU
		{7413D4E3-AC89-436B-982F-8BFAD244CF36}.Release|ARM.ActiveCfg = Release|Any CPU
		{7413D4E3-AC89-436B-982F-8BFAD244CF36}.Release|ARM.Build.0 = Release|Any CPU
		{7413D4E3-AC89-436B-982F-8BFAD244CF36}.Release|iPhone.ActiveCfg = Release|Any CPU
		{7413D4E3-AC89-436B-982F-8BFAD244CF36}.Release|iPhone.Build.0 = Release|Any CPU
		{7413D4E3-AC89-436B-982F-8BFAD244CF36}.Release|iPhoneSimulator.ActiveCfg = Release|Any CPU
		{7413D4E3-AC89-436B-982F-8BFAD244CF36}.Release|iPhoneSimulator.Build.0 = Release|Any CPU
		{7413D4E3-AC89-436B-982F-8BFAD244CF36}.Release|x64.ActiveCfg = Release|Any CPU
		{7413D4E3-AC89-436B-982F-8BFAD244CF36}.Release|x64.Build.0 = Release|Any CPU
		{7413D4E3-AC89-436B-982F-8BFAD244CF36}.Release|x86.ActiveCfg = Release|Any CPU
		{7413D4E3-AC89-436B-982F-8BFAD244CF36}.Release|x86.Build.0 = Release|Any CPU
		{1897553F-3D31-4909-AB6A-FE46DF0DAB9B}.Ad-Hoc|Any CPU.ActiveCfg = Release|x86
		{1897553F-3D31-4909-AB6A-FE46DF0DAB9B}.Ad-Hoc|Any CPU.Build.0 = Release|x86
		{1897553F-3D31-4909-AB6A-FE46DF0DAB9B}.Ad-Hoc|Any CPU.Deploy.0 = Release|x86
		{1897553F-3D31-4909-AB6A-FE46DF0DAB9B}.Ad-Hoc|ARM.ActiveCfg = Release|ARM
		{1897553F-3D31-4909-AB6A-FE46DF0DAB9B}.Ad-Hoc|ARM.Build.0 = Release|ARM
		{1897553F-3D31-4909-AB6A-FE46DF0DAB9B}.Ad-Hoc|ARM.Deploy.0 = Release|ARM
		{1897553F-3D31-4909-AB6A-FE46DF0DAB9B}.Ad-Hoc|iPhone.ActiveCfg = Release|x86
		{1897553F-3D31-4909-AB6A-FE46DF0DAB9B}.Ad-Hoc|iPhone.Build.0 = Release|x86
		{1897553F-3D31-4909-AB6A-FE46DF0DAB9B}.Ad-Hoc|iPhone.Deploy.0 = Release|x86
		{1897553F-3D31-4909-AB6A-FE46DF0DAB9B}.Ad-Hoc|iPhoneSimulator.ActiveCfg = Release|x86
		{1897553F-3D31-4909-AB6A-FE46DF0DAB9B}.Ad-Hoc|iPhoneSimulator.Build.0 = Release|x86
		{1897553F-3D31-4909-AB6A-FE46DF0DAB9B}.Ad-Hoc|iPhoneSimulator.Deploy.0 = Release|x86
		{1897553F-3D31-4909-AB6A-FE46DF0DAB9B}.Ad-Hoc|x64.ActiveCfg = Release|x64
		{1897553F-3D31-4909-AB6A-FE46DF0DAB9B}.Ad-Hoc|x64.Build.0 = Release|x64
		{1897553F-3D31-4909-AB6A-FE46DF0DAB9B}.Ad-Hoc|x64.Deploy.0 = Release|x64
		{1897553F-3D31-4909-AB6A-FE46DF0DAB9B}.Ad-Hoc|x86.ActiveCfg = Release|x86
		{1897553F-3D31-4909-AB6A-FE46DF0DAB9B}.Ad-Hoc|x86.Build.0 = Release|x86
		{1897553F-3D31-4909-AB6A-FE46DF0DAB9B}.Ad-Hoc|x86.Deploy.0 = Release|x86
		{1897553F-3D31-4909-AB6A-FE46DF0DAB9B}.AppStore|Any CPU.ActiveCfg = Release|x86
		{1897553F-3D31-4909-AB6A-FE46DF0DAB9B}.AppStore|Any CPU.Build.0 = Release|x86
		{1897553F-3D31-4909-AB6A-FE46DF0DAB9B}.AppStore|Any CPU.Deploy.0 = Release|x86
		{1897553F-3D31-4909-AB6A-FE46DF0DAB9B}.AppStore|ARM.ActiveCfg = Release|ARM
		{1897553F-3D31-4909-AB6A-FE46DF0DAB9B}.AppStore|ARM.Build.0 = Release|ARM
		{1897553F-3D31-4909-AB6A-FE46DF0DAB9B}.AppStore|ARM.Deploy.0 = Release|ARM
		{1897553F-3D31-4909-AB6A-FE46DF0DAB9B}.AppStore|iPhone.ActiveCfg = Release|x86
		{1897553F-3D31-4909-AB6A-FE46DF0DAB9B}.AppStore|iPhone.Build.0 = Release|x86
		{1897553F-3D31-4909-AB6A-FE46DF0DAB9B}.AppStore|iPhone.Deploy.0 = Release|x86
		{1897553F-3D31-4909-AB6A-FE46DF0DAB9B}.AppStore|iPhoneSimulator.ActiveCfg = Release|x86
		{1897553F-3D31-4909-AB6A-FE46DF0DAB9B}.AppStore|iPhoneSimulator.Build.0 = Release|x86
		{1897553F-3D31-4909-AB6A-FE46DF0DAB9B}.AppStore|iPhoneSimulator.Deploy.0 = Release|x86
		{1897553F-3D31-4909-AB6A-FE46DF0DAB9B}.AppStore|x64.ActiveCfg = Release|x64
		{1897553F-3D31-4909-AB6A-FE46DF0DAB9B}.AppStore|x64.Build.0 = Release|x64
		{1897553F-3D31-4909-AB6A-FE46DF0DAB9B}.AppStore|x64.Deploy.0 = Release|x64
		{1897553F-3D31-4909-AB6A-FE46DF0DAB9B}.AppStore|x86.ActiveCfg = Release|x86
		{1897553F-3D31-4909-AB6A-FE46DF0DAB9B}.AppStore|x86.Build.0 = Release|x86
		{1897553F-3D31-4909-AB6A-FE46DF0DAB9B}.AppStore|x86.Deploy.0 = Release|x86
		{1897553F-3D31-4909-AB6A-FE46DF0DAB9B}.Debug|Any CPU.ActiveCfg = Debug|x86
		{1897553F-3D31-4909-AB6A-FE46DF0DAB9B}.Debug|ARM.ActiveCfg = Debug|ARM
		{1897553F-3D31-4909-AB6A-FE46DF0DAB9B}.Debug|ARM.Build.0 = Debug|ARM
		{1897553F-3D31-4909-AB6A-FE46DF0DAB9B}.Debug|ARM.Deploy.0 = Debug|ARM
		{1897553F-3D31-4909-AB6A-FE46DF0DAB9B}.Debug|iPhone.ActiveCfg = Debug|x86
		{1897553F-3D31-4909-AB6A-FE46DF0DAB9B}.Debug|iPhoneSimulator.ActiveCfg = Debug|x86
		{1897553F-3D31-4909-AB6A-FE46DF0DAB9B}.Debug|x64.ActiveCfg = Debug|x64
		{1897553F-3D31-4909-AB6A-FE46DF0DAB9B}.Debug|x64.Build.0 = Debug|x64
		{1897553F-3D31-4909-AB6A-FE46DF0DAB9B}.Debug|x64.Deploy.0 = Debug|x64
		{1897553F-3D31-4909-AB6A-FE46DF0DAB9B}.Debug|x86.ActiveCfg = Debug|x86
		{1897553F-3D31-4909-AB6A-FE46DF0DAB9B}.Debug|x86.Build.0 = Debug|x86
		{1897553F-3D31-4909-AB6A-FE46DF0DAB9B}.Debug|x86.Deploy.0 = Debug|x86
		{1897553F-3D31-4909-AB6A-FE46DF0DAB9B}.Release|Any CPU.ActiveCfg = Release|x86
		{1897553F-3D31-4909-AB6A-FE46DF0DAB9B}.Release|ARM.ActiveCfg = Release|ARM
		{1897553F-3D31-4909-AB6A-FE46DF0DAB9B}.Release|ARM.Build.0 = Release|ARM
		{1897553F-3D31-4909-AB6A-FE46DF0DAB9B}.Release|ARM.Deploy.0 = Release|ARM
		{1897553F-3D31-4909-AB6A-FE46DF0DAB9B}.Release|iPhone.ActiveCfg = Release|x86
		{1897553F-3D31-4909-AB6A-FE46DF0DAB9B}.Release|iPhoneSimulator.ActiveCfg = Release|x86
		{1897553F-3D31-4909-AB6A-FE46DF0DAB9B}.Release|x64.ActiveCfg = Release|x64
		{1897553F-3D31-4909-AB6A-FE46DF0DAB9B}.Release|x64.Build.0 = Release|x64
		{1897553F-3D31-4909-AB6A-FE46DF0DAB9B}.Release|x64.Deploy.0 = Release|x64
		{1897553F-3D31-4909-AB6A-FE46DF0DAB9B}.Release|x86.ActiveCfg = Release|x86
		{1897553F-3D31-4909-AB6A-FE46DF0DAB9B}.Release|x86.Build.0 = Release|x86
		{1897553F-3D31-4909-AB6A-FE46DF0DAB9B}.Release|x86.Deploy.0 = Release|x86
		{D79865A9-6818-4870-9E43-5C9C036974F0}.Ad-Hoc|Any CPU.ActiveCfg = Ad-Hoc|iPhone
		{D79865A9-6818-4870-9E43-5C9C036974F0}.Ad-Hoc|ARM.ActiveCfg = Ad-Hoc|iPhone
		{D79865A9-6818-4870-9E43-5C9C036974F0}.Ad-Hoc|iPhone.ActiveCfg = Ad-Hoc|iPhone
		{D79865A9-6818-4870-9E43-5C9C036974F0}.Ad-Hoc|iPhone.Build.0 = Ad-Hoc|iPhone
		{D79865A9-6818-4870-9E43-5C9C036974F0}.Ad-Hoc|iPhoneSimulator.ActiveCfg = Ad-Hoc|iPhoneSimulator
		{D79865A9-6818-4870-9E43-5C9C036974F0}.Ad-Hoc|iPhoneSimulator.Build.0 = Ad-Hoc|iPhoneSimulator
		{D79865A9-6818-4870-9E43-5C9C036974F0}.Ad-Hoc|x64.ActiveCfg = Ad-Hoc|iPhone
		{D79865A9-6818-4870-9E43-5C9C036974F0}.Ad-Hoc|x86.ActiveCfg = Ad-Hoc|iPhone
		{D79865A9-6818-4870-9E43-5C9C036974F0}.AppStore|Any CPU.ActiveCfg = AppStore|iPhone
		{D79865A9-6818-4870-9E43-5C9C036974F0}.AppStore|ARM.ActiveCfg = AppStore|iPhone
		{D79865A9-6818-4870-9E43-5C9C036974F0}.AppStore|iPhone.ActiveCfg = AppStore|iPhone
		{D79865A9-6818-4870-9E43-5C9C036974F0}.AppStore|iPhone.Build.0 = AppStore|iPhone
		{D79865A9-6818-4870-9E43-5C9C036974F0}.AppStore|iPhoneSimulator.ActiveCfg = AppStore|iPhoneSimulator
		{D79865A9-6818-4870-9E43-5C9C036974F0}.AppStore|iPhoneSimulator.Build.0 = AppStore|iPhoneSimulator
		{D79865A9-6818-4870-9E43-5C9C036974F0}.AppStore|x64.ActiveCfg = AppStore|iPhone
		{D79865A9-6818-4870-9E43-5C9C036974F0}.AppStore|x86.ActiveCfg = AppStore|iPhone
		{D79865A9-6818-4870-9E43-5C9C036974F0}.Debug|Any CPU.ActiveCfg = Debug|iPhone
		{D79865A9-6818-4870-9E43-5C9C036974F0}.Debug|ARM.ActiveCfg = Debug|iPhone
		{D79865A9-6818-4870-9E43-5C9C036974F0}.Debug|iPhone.ActiveCfg = Debug|iPhone
		{D79865A9-6818-4870-9E43-5C9C036974F0}.Debug|iPhone.Build.0 = Debug|iPhone
		{D79865A9-6818-4870-9E43-5C9C036974F0}.Debug|iPhoneSimulator.ActiveCfg = Debug|iPhoneSimulator
		{D79865A9-6818-4870-9E43-5C9C036974F0}.Debug|iPhoneSimulator.Build.0 = Debug|iPhoneSimulator
		{D79865A9-6818-4870-9E43-5C9C036974F0}.Debug|x64.ActiveCfg = Debug|iPhone
		{D79865A9-6818-4870-9E43-5C9C036974F0}.Debug|x86.ActiveCfg = Debug|iPhone
		{D79865A9-6818-4870-9E43-5C9C036974F0}.Release|Any CPU.ActiveCfg = Release|iPhone
		{D79865A9-6818-4870-9E43-5C9C036974F0}.Release|ARM.ActiveCfg = Release|iPhone
		{D79865A9-6818-4870-9E43-5C9C036974F0}.Release|iPhone.ActiveCfg = Release|iPhone
		{D79865A9-6818-4870-9E43-5C9C036974F0}.Release|iPhone.Build.0 = Release|iPhone
		{D79865A9-6818-4870-9E43-5C9C036974F0}.Release|iPhoneSimulator.ActiveCfg = Release|iPhoneSimulator
		{D79865A9-6818-4870-9E43-5C9C036974F0}.Release|iPhoneSimulator.Build.0 = Release|iPhoneSimulator
		{D79865A9-6818-4870-9E43-5C9C036974F0}.Release|x64.ActiveCfg = Release|iPhone
		{D79865A9-6818-4870-9E43-5C9C036974F0}.Release|x86.ActiveCfg = Release|iPhone
	EndGlobalSection
	GlobalSection(SolutionProperties) = preSolution
		HideSolutionNode = FALSE
	EndGlobalSection
EndGlobal
